
Microsoft Visual Studio Solution File, Format Version 12.00
# Visual Studio 14
VisualStudioVersion = 14.0.25420.1
MinimumVisualStudioVersion = 10.0.40219.1
Project("{FAE04EC0-301F-11D3-BF4B-00C04F79EFBC}") = "01. Count Working Days", "01. Count Working Days\01. Count Working Days.csproj", "{B41150FF-55C2-4C7F-9576-75CF54B6E240}"
EndProject
Project("{FAE04EC0-301F-11D3-BF4B-00C04F79EFBC}") = "02. Advertisement Message", "02. Advertisement Message\02. Advertisement Message.csproj", "{4D57CA60-AA6F-4EFE-B51B-26742D1702BD}"
EndProject
Project("{FAE04EC0-301F-11D3-BF4B-00C04F79EFBC}") = "03. Circles Intersection", "03. Circles Intersection\03. Circles Intersection.csproj", "{524AEBB8-6AD9-48DF-86FA-540D9CE56A34}"
EndProject
Project("{FAE04EC0-301F-11D3-BF4B-00C04F79EFBC}") = "04. Average Grades", "04. Average Grades\04. Average Grades.csproj", "{71B93189-130F-4F31-A71E-AFDD9E92EF43}"
EndProject
Project("{FAE04EC0-301F-11D3-BF4B-00C04F79EFBC}") = "05. Book Library", "05. Book Library\05. Book Library.csproj", "{97F13877-36E3-4DC3-B726-DE7278423BCE}"
EndProject
Project("{FAE04EC0-301F-11D3-BF4B-00C04F79EFBC}") = "06. Book Library Modification", "06. Book Library Modification\06. Book Library Modification.csproj", "{25451AEC-04E6-462A-A673-3A5C3764029C}"
EndProject
Project("{FAE04EC0-301F-11D3-BF4B-00C04F79EFBC}") = "07. Andrey and Billiard", "07. Andrey and Billiard\07. Andrey and Billiard.csproj", "{15565445-425C-454C-8849-4B34E3DD0CE1}"
EndProject
Project("{FAE04EC0-301F-11D3-BF4B-00C04F79EFBC}") = "08. Mentor Group", "08. Mentor Group\08. Mentor Group.csproj", "{8F62B9CF-176C-4C1D-9C62-B088E8EBA210}"
EndProject
Project("{FAE04EC0-301F-11D3-BF4B-00C04F79EFBC}") = "09. Teamwork Projects", "09. Teamwork Projects\09. Teamwork Projects.csproj", "{086831BE-30FE-4F62-8CDD-C929EF812556}"
EndProject
Global
	GlobalSection(SolutionConfigurationPlatforms) = preSolution
		Debug|Any CPU = Debug|Any CPU
		Release|Any CPU = Release|Any CPU
	EndGlobalSection
	GlobalSection(ProjectConfigurationPlatforms) = postSolution
		{B41150FF-55C2-4C7F-9576-75CF54B6E240}.Debug|Any CPU.ActiveCfg = Debug|Any CPU
		{B41150FF-55C2-4C7F-9576-75CF54B6E240}.Debug|Any CPU.Build.0 = Debug|Any CPU
		{B41150FF-55C2-4C7F-9576-75CF54B6E240}.Release|Any CPU.ActiveCfg = Release|Any CPU
		{B41150FF-55C2-4C7F-9576-75CF54B6E240}.Release|Any CPU.Build.0 = Release|Any CPU
		{4D57CA60-AA6F-4EFE-B51B-26742D1702BD}.Debug|Any CPU.ActiveCfg = Debug|Any CPU
		{4D57CA60-AA6F-4EFE-B51B-26742D1702BD}.Debug|Any CPU.Build.0 = Debug|Any CPU
		{4D57CA60-AA6F-4EFE-B51B-26742D1702BD}.Release|Any CPU.ActiveCfg = Release|Any CPU
		{4D57CA60-AA6F-4EFE-B51B-26742D1702BD}.Release|Any CPU.Build.0 = Release|Any CPU
		{524AEBB8-6AD9-48DF-86FA-540D9CE56A34}.Debug|Any CPU.ActiveCfg = Debug|Any CPU
		{524AEBB8-6AD9-48DF-86FA-540D9CE56A34}.Debug|Any CPU.Build.0 = Debug|Any CPU
		{524AEBB8-6AD9-48DF-86FA-540D9CE56A34}.Release|Any CPU.ActiveCfg = Release|Any CPU
		{524AEBB8-6AD9-48DF-86FA-540D9CE56A34}.Release|Any CPU.Build.0 = Release|Any CPU
		{71B93189-130F-4F31-A71E-AFDD9E92EF43}.Debug|Any CPU.ActiveCfg = Debug|Any CPU
		{71B93189-130F-4F31-A71E-AFDD9E92EF43}.Debug|Any CPU.Build.0 = Debug|Any CPU
		{71B93189-130F-4F31-A71E-AFDD9E92EF43}.Release|Any CPU.ActiveCfg = Release|Any CPU
		{71B93189-130F-4F31-A71E-AFDD9E92EF43}.Release|Any CPU.Build.0 = Release|Any CPU
		{97F13877-36E3-4DC3-B726-DE7278423BCE}.Debug|Any CPU.ActiveCfg = Debug|Any CPU
		{97F13877-36E3-4DC3-B726-DE7278423BCE}.Debug|Any CPU.Build.0 = Debug|Any CPU
		{97F13877-36E3-4DC3-B726-DE7278423BCE}.Release|Any CPU.ActiveCfg = Release|Any CPU
		{97F13877-36E3-4DC3-B726-DE7278423BCE}.Release|Any CPU.Build.0 = Release|Any CPU
		{25451AEC-04E6-462A-A673-3A5C3764029C}.Debug|Any CPU.ActiveCfg = Debug|Any CPU
		{25451AEC-04E6-462A-A673-3A5C3764029C}.Debug|Any CPU.Build.0 = Debug|Any CPU
		{25451AEC-04E6-462A-A673-3A5C3764029C}.Release|Any CPU.ActiveCfg = Release|Any CPU
		{25451AEC-04E6-462A-A673-3A5C3764029C}.Release|Any CPU.Build.0 = Release|Any CPU
		{15565445-425C-454C-8849-4B34E3DD0CE1}.Debug|Any CPU.ActiveCfg = Debug|Any CPU
		{15565445-425C-454C-8849-4B34E3DD0CE1}.Debug|Any CPU.Build.0 = Debug|Any CPU
		{15565445-425C-454C-8849-4B34E3DD0CE1}.Release|Any CPU.ActiveCfg = Release|Any CPU
		{15565445-425C-454C-8849-4B34E3DD0CE1}.Release|Any CPU.Build.0 = Release|Any CPU
		{8F62B9CF-176C-4C1D-9C62-B088E8EBA210}.Debug|Any CPU.ActiveCfg = Debug|Any CPU
		{8F62B9CF-176C-4C1D-9C62-B088E8EBA210}.Debug|Any CPU.Build.0 = Debug|Any CPU
		{8F62B9CF-176C-4C1D-9C62-B088E8EBA210}.Release|Any CPU.ActiveCfg = Release|Any CPU
		{8F62B9CF-176C-4C1D-9C62-B088E8EBA210}.Release|Any CPU.Build.0 = Release|Any CPU
		{086831BE-30FE-4F62-8CDD-C929EF812556}.Debug|Any CPU.ActiveCfg = Debug|Any CPU
		{086831BE-30FE-4F62-8CDD-C929EF812556}.Debug|Any CPU.Build.0 = Debug|Any CPU
		{086831BE-30FE-4F62-8CDD-C929EF812556}.Release|Any CPU.ActiveCfg = Release|Any CPU
		{086831BE-30FE-4F62-8CDD-C929EF812556}.Release|Any CPU.Build.0 = Release|Any CPU
	EndGlobalSection
	GlobalSection(SolutionProperties) = preSolution
		HideSolutionNode = FALSE
	EndGlobalSection
EndGlobal
