
Microsoft Visual Studio Solution File, Format Version 12.00
# Visual Studio 14
VisualStudioVersion = 14.0.25420.1
MinimumVisualStudioVersion = 10.0.40219.1
Project("{FAE04EC0-301F-11D3-BF4B-00C04F79EFBC}") = "01. Centuries to Minutes", "1. Time Since Birthday\01. Centuries to Minutes.csproj", "{594C465F-6DEC-4D7F-8D85-4AD84861EA8C}"
EndProject
Project("{FAE04EC0-301F-11D3-BF4B-00C04F79EFBC}") = "02. Circle Area", "02. Circle Area\02. Circle Area.csproj", "{9104B64E-E99A-4EB7-ADAE-2C0EF3D9F364}"
EndProject
Project("{FAE04EC0-301F-11D3-BF4B-00C04F79EFBC}") = "03. Exact Sum of Real Numbers", "03. Exact Sum of Real Numbers\03. Exact Sum of Real Numbers.csproj", "{5EE3CE9E-1178-478C-A60C-73C54EF69837}"
EndProject
Project("{FAE04EC0-301F-11D3-BF4B-00C04F79EFBC}") = "04. Elevator", "04. Elevator\04. Elevator.csproj", "{F4880471-FE5B-4EDD-B735-EC715D8BFA44}"
EndProject
Project("{FAE04EC0-301F-11D3-BF4B-00C04F79EFBC}") = "05. Special Numbers", "05. Special Numbers\05. Special Numbers.csproj", "{1C18CC5C-D812-43CF-A992-229239182A83}"
EndProject
Project("{FAE04EC0-301F-11D3-BF4B-00C04F79EFBC}") = "06. Triples of Letters", "06. Triples of Letters\06. Triples of Letters.csproj", "{7BF8953F-6402-4BBE-B618-3CA60D088791}"
EndProject
Project("{FAE04EC0-301F-11D3-BF4B-00C04F79EFBC}") = "07. Greeting", "07. Greeting\07. Greeting.csproj", "{7093CD07-35FA-4675-BF9B-777B49D93849}"
EndProject
Project("{FAE04EC0-301F-11D3-BF4B-00C04F79EFBC}") = "08. Refactor Volume of Pyramid", "08. Refactor Volume of Pyramid\08. Refactor Volume of Pyramid.csproj", "{A50E7330-0DA0-4B60-B6E1-65458FF41AB8}"
EndProject
Project("{FAE04EC0-301F-11D3-BF4B-00C04F79EFBC}") = "09. Refactor Special Numbers", "09. Refactor Special Numbers\09. Refactor Special Numbers.csproj", "{9E929B90-6663-4618-8913-FCEB445CD94D}"
EndProject
Global
	GlobalSection(SolutionConfigurationPlatforms) = preSolution
		Debug|Any CPU = Debug|Any CPU
		Release|Any CPU = Release|Any CPU
	EndGlobalSection
	GlobalSection(ProjectConfigurationPlatforms) = postSolution
		{594C465F-6DEC-4D7F-8D85-4AD84861EA8C}.Debug|Any CPU.ActiveCfg = Debug|Any CPU
		{594C465F-6DEC-4D7F-8D85-4AD84861EA8C}.Debug|Any CPU.Build.0 = Debug|Any CPU
		{594C465F-6DEC-4D7F-8D85-4AD84861EA8C}.Release|Any CPU.ActiveCfg = Release|Any CPU
		{594C465F-6DEC-4D7F-8D85-4AD84861EA8C}.Release|Any CPU.Build.0 = Release|Any CPU
		{9104B64E-E99A-4EB7-ADAE-2C0EF3D9F364}.Debug|Any CPU.ActiveCfg = Debug|Any CPU
		{9104B64E-E99A-4EB7-ADAE-2C0EF3D9F364}.Debug|Any CPU.Build.0 = Debug|Any CPU
		{9104B64E-E99A-4EB7-ADAE-2C0EF3D9F364}.Release|Any CPU.ActiveCfg = Release|Any CPU
		{9104B64E-E99A-4EB7-ADAE-2C0EF3D9F364}.Release|Any CPU.Build.0 = Release|Any CPU
		{5EE3CE9E-1178-478C-A60C-73C54EF69837}.Debug|Any CPU.ActiveCfg = Debug|Any CPU
		{5EE3CE9E-1178-478C-A60C-73C54EF69837}.Debug|Any CPU.Build.0 = Debug|Any CPU
		{5EE3CE9E-1178-478C-A60C-73C54EF69837}.Release|Any CPU.ActiveCfg = Release|Any CPU
		{5EE3CE9E-1178-478C-A60C-73C54EF69837}.Release|Any CPU.Build.0 = Release|Any CPU
		{F4880471-FE5B-4EDD-B735-EC715D8BFA44}.Debug|Any CPU.ActiveCfg = Debug|Any CPU
		{F4880471-FE5B-4EDD-B735-EC715D8BFA44}.Debug|Any CPU.Build.0 = Debug|Any CPU
		{F4880471-FE5B-4EDD-B735-EC715D8BFA44}.Release|Any CPU.ActiveCfg = Release|Any CPU
		{F4880471-FE5B-4EDD-B735-EC715D8BFA44}.Release|Any CPU.Build.0 = Release|Any CPU
		{1C18CC5C-D812-43CF-A992-229239182A83}.Debug|Any CPU.ActiveCfg = Debug|Any CPU
		{1C18CC5C-D812-43CF-A992-229239182A83}.Debug|Any CPU.Build.0 = Debug|Any CPU
		{1C18CC5C-D812-43CF-A992-229239182A83}.Release|Any CPU.ActiveCfg = Release|Any CPU
		{1C18CC5C-D812-43CF-A992-229239182A83}.Release|Any CPU.Build.0 = Release|Any CPU
		{7BF8953F-6402-4BBE-B618-3CA60D088791}.Debug|Any CPU.ActiveCfg = Debug|Any CPU
		{7BF8953F-6402-4BBE-B618-3CA60D088791}.Debug|Any CPU.Build.0 = Debug|Any CPU
		{7BF8953F-6402-4BBE-B618-3CA60D088791}.Release|Any CPU.ActiveCfg = Release|Any CPU
		{7BF8953F-6402-4BBE-B618-3CA60D088791}.Release|Any CPU.Build.0 = Release|Any CPU
		{7093CD07-35FA-4675-BF9B-777B49D93849}.Debug|Any CPU.ActiveCfg = Debug|Any CPU
		{7093CD07-35FA-4675-BF9B-777B49D93849}.Debug|Any CPU.Build.0 = Debug|Any CPU
		{7093CD07-35FA-4675-BF9B-777B49D93849}.Release|Any CPU.ActiveCfg = Release|Any CPU
		{7093CD07-35FA-4675-BF9B-777B49D93849}.Release|Any CPU.Build.0 = Release|Any CPU
		{A50E7330-0DA0-4B60-B6E1-65458FF41AB8}.Debug|Any CPU.ActiveCfg = Debug|Any CPU
		{A50E7330-0DA0-4B60-B6E1-65458FF41AB8}.Debug|Any CPU.Build.0 = Debug|Any CPU
		{A50E7330-0DA0-4B60-B6E1-65458FF41AB8}.Release|Any CPU.ActiveCfg = Release|Any CPU
		{A50E7330-0DA0-4B60-B6E1-65458FF41AB8}.Release|Any CPU.Build.0 = Release|Any CPU
		{9E929B90-6663-4618-8913-FCEB445CD94D}.Debug|Any CPU.ActiveCfg = Debug|Any CPU
		{9E929B90-6663-4618-8913-FCEB445CD94D}.Debug|Any CPU.Build.0 = Debug|Any CPU
		{9E929B90-6663-4618-8913-FCEB445CD94D}.Release|Any CPU.ActiveCfg = Release|Any CPU
		{9E929B90-6663-4618-8913-FCEB445CD94D}.Release|Any CPU.Build.0 = Release|Any CPU
	EndGlobalSection
	GlobalSection(SolutionProperties) = preSolution
		HideSolutionNode = FALSE
	EndGlobalSection
EndGlobal
