
Microsoft Visual Studio Solution File, Format Version 12.00
# Visual Studio 14
VisualStudioVersion = 14.0.25420.1
MinimumVisualStudioVersion = 10.0.40219.1
Project("{FAE04EC0-301F-11D3-BF4B-00C04F79EFBC}") = "01. Choose a Drink", "01. Choose a Drink\01. Choose a Drink.csproj", "{E566EC1A-BA97-4BEE-B305-8EAEAA01561B}"
EndProject
Project("{FAE04EC0-301F-11D3-BF4B-00C04F79EFBC}") = "02. Choose a Drink 2.0", "02. Choose a Drink 2.0\02. Choose a Drink 2.0.csproj", "{2098B858-3B10-49D5-84EF-32E4DE8D9D94}"
EndProject
Project("{FAE04EC0-301F-11D3-BF4B-00C04F79EFBC}") = "03. Restaurant Discount", "03. Restaurant Discount\03. Restaurant Discount.csproj", "{C1DF7540-3C3C-4CF8-8062-A779B1F487D8}"
EndProject
Project("{FAE04EC0-301F-11D3-BF4B-00C04F79EFBC}") = "04. Hotel", "04. Hotel\04. Hotel.csproj", "{E0580280-B8B4-4F4C-8D92-67369474E5D0}"
EndProject
Global
	GlobalSection(SolutionConfigurationPlatforms) = preSolution
		Debug|Any CPU = Debug|Any CPU
		Release|Any CPU = Release|Any CPU
	EndGlobalSection
	GlobalSection(ProjectConfigurationPlatforms) = postSolution
		{E566EC1A-BA97-4BEE-B305-8EAEAA01561B}.Debug|Any CPU.ActiveCfg = Debug|Any CPU
		{E566EC1A-BA97-4BEE-B305-8EAEAA01561B}.Debug|Any CPU.Build.0 = Debug|Any CPU
		{E566EC1A-BA97-4BEE-B305-8EAEAA01561B}.Release|Any CPU.ActiveCfg = Release|Any CPU
		{E566EC1A-BA97-4BEE-B305-8EAEAA01561B}.Release|Any CPU.Build.0 = Release|Any CPU
		{2098B858-3B10-49D5-84EF-32E4DE8D9D94}.Debug|Any CPU.ActiveCfg = Debug|Any CPU
		{2098B858-3B10-49D5-84EF-32E4DE8D9D94}.Debug|Any CPU.Build.0 = Debug|Any CPU
		{2098B858-3B10-49D5-84EF-32E4DE8D9D94}.Release|Any CPU.ActiveCfg = Release|Any CPU
		{2098B858-3B10-49D5-84EF-32E4DE8D9D94}.Release|Any CPU.Build.0 = Release|Any CPU
		{C1DF7540-3C3C-4CF8-8062-A779B1F487D8}.Debug|Any CPU.ActiveCfg = Debug|Any CPU
		{C1DF7540-3C3C-4CF8-8062-A779B1F487D8}.Debug|Any CPU.Build.0 = Debug|Any CPU
		{C1DF7540-3C3C-4CF8-8062-A779B1F487D8}.Release|Any CPU.ActiveCfg = Release|Any CPU
		{C1DF7540-3C3C-4CF8-8062-A779B1F487D8}.Release|Any CPU.Build.0 = Release|Any CPU
		{E0580280-B8B4-4F4C-8D92-67369474E5D0}.Debug|Any CPU.ActiveCfg = Debug|Any CPU
		{E0580280-B8B4-4F4C-8D92-67369474E5D0}.Debug|Any CPU.Build.0 = Debug|Any CPU
		{E0580280-B8B4-4F4C-8D92-67369474E5D0}.Release|Any CPU.ActiveCfg = Release|Any CPU
		{E0580280-B8B4-4F4C-8D92-67369474E5D0}.Release|Any CPU.Build.0 = Release|Any CPU
	EndGlobalSection
	GlobalSection(SolutionProperties) = preSolution
		HideSolutionNode = FALSE
	EndGlobalSection
EndGlobal
