
Microsoft Visual Studio Solution File, Format Version 12.00
# Visual Studio 14
VisualStudioVersion = 14.0.25420.1
MinimumVisualStudioVersion = 10.0.40219.1
Project("{FAE04EC0-301F-11D3-BF4B-00C04F79EFBC}") = "01. Find the Letter", "01. Find the Letter\01. Find the Letter.csproj", "{88A8F913-0934-4C2A-ABDB-382E11708FA9}"
EndProject
Project("{FAE04EC0-301F-11D3-BF4B-00C04F79EFBC}") = "02. Placeholders", "02. Placeholders\02. Placeholders.csproj", "{2FA0A67B-6BB6-4DAD-8CD6-BDD96956AD8D}"
EndProject
Global
	GlobalSection(SolutionConfigurationPlatforms) = preSolution
		Debug|Any CPU = Debug|Any CPU
		Release|Any CPU = Release|Any CPU
	EndGlobalSection
	GlobalSection(ProjectConfigurationPlatforms) = postSolution
		{88A8F913-0934-4C2A-ABDB-382E11708FA9}.Debug|Any CPU.ActiveCfg = Debug|Any CPU
		{88A8F913-0934-4C2A-ABDB-382E11708FA9}.Debug|Any CPU.Build.0 = Debug|Any CPU
		{88A8F913-0934-4C2A-ABDB-382E11708FA9}.Release|Any CPU.ActiveCfg = Release|Any CPU
		{88A8F913-0934-4C2A-ABDB-382E11708FA9}.Release|Any CPU.Build.0 = Release|Any CPU
		{2FA0A67B-6BB6-4DAD-8CD6-BDD96956AD8D}.Debug|Any CPU.ActiveCfg = Debug|Any CPU
		{2FA0A67B-6BB6-4DAD-8CD6-BDD96956AD8D}.Debug|Any CPU.Build.0 = Debug|Any CPU
		{2FA0A67B-6BB6-4DAD-8CD6-BDD96956AD8D}.Release|Any CPU.ActiveCfg = Release|Any CPU
		{2FA0A67B-6BB6-4DAD-8CD6-BDD96956AD8D}.Release|Any CPU.Build.0 = Release|Any CPU
	EndGlobalSection
	GlobalSection(SolutionProperties) = preSolution
		HideSolutionNode = FALSE
	EndGlobalSection
EndGlobal
