
Microsoft Visual Studio Solution File, Format Version 12.00
# Visual Studio 14
VisualStudioVersion = 14.0.25420.1
MinimumVisualStudioVersion = 10.0.40219.1
Project("{FAE04EC0-301F-11D3-BF4B-00C04F79EFBC}") = "05. Lambada Expressions", "05. Lambada Expressions\05. Lambada Expressions.csproj", "{3F2DD41B-F415-49AD-A56D-1B48678B8BCB}"
EndProject
Project("{FAE04EC0-301F-11D3-BF4B-00C04F79EFBC}") = "06. Ordered Banking System", "06. Ordered Banking System\06. Ordered Banking System.csproj", "{FCE9B636-3814-46E0-B4B9-07DC40FEB75B}"
EndProject
Project("{FAE04EC0-301F-11D3-BF4B-00C04F79EFBC}") = "01. Array Data", "01. Array Data\01. Array Data.csproj", "{16883DC7-1F72-4B69-9B54-2F92218CD61F}"
EndProject
Project("{FAE04EC0-301F-11D3-BF4B-00C04F79EFBC}") = "02. String Decryption", "02. String Decryption\02. String Decryption.csproj", "{AE08828E-D349-45E5-9166-901C5516577D}"
EndProject
Project("{FAE04EC0-301F-11D3-BF4B-00C04F79EFBC}") = "03. Camping", "03. Camping\03. Camping.csproj", "{2BCC6EB6-84BC-42E8-9ECB-2EAE326C8F3C}"
EndProject
Project("{FAE04EC0-301F-11D3-BF4B-00C04F79EFBC}") = "04. Most Valued Customer", "04. Most Valued Customer\04. Most Valued Customer.csproj", "{F1192948-E828-42F4-BA2B-87AF4D504305}"
EndProject
Global
	GlobalSection(SolutionConfigurationPlatforms) = preSolution
		Debug|Any CPU = Debug|Any CPU
		Release|Any CPU = Release|Any CPU
	EndGlobalSection
	GlobalSection(ProjectConfigurationPlatforms) = postSolution
		{3F2DD41B-F415-49AD-A56D-1B48678B8BCB}.Debug|Any CPU.ActiveCfg = Debug|Any CPU
		{3F2DD41B-F415-49AD-A56D-1B48678B8BCB}.Debug|Any CPU.Build.0 = Debug|Any CPU
		{3F2DD41B-F415-49AD-A56D-1B48678B8BCB}.Release|Any CPU.ActiveCfg = Release|Any CPU
		{3F2DD41B-F415-49AD-A56D-1B48678B8BCB}.Release|Any CPU.Build.0 = Release|Any CPU
		{FCE9B636-3814-46E0-B4B9-07DC40FEB75B}.Debug|Any CPU.ActiveCfg = Debug|Any CPU
		{FCE9B636-3814-46E0-B4B9-07DC40FEB75B}.Debug|Any CPU.Build.0 = Debug|Any CPU
		{FCE9B636-3814-46E0-B4B9-07DC40FEB75B}.Release|Any CPU.ActiveCfg = Release|Any CPU
		{FCE9B636-3814-46E0-B4B9-07DC40FEB75B}.Release|Any CPU.Build.0 = Release|Any CPU
		{16883DC7-1F72-4B69-9B54-2F92218CD61F}.Debug|Any CPU.ActiveCfg = Debug|Any CPU
		{16883DC7-1F72-4B69-9B54-2F92218CD61F}.Debug|Any CPU.Build.0 = Debug|Any CPU
		{16883DC7-1F72-4B69-9B54-2F92218CD61F}.Release|Any CPU.ActiveCfg = Release|Any CPU
		{16883DC7-1F72-4B69-9B54-2F92218CD61F}.Release|Any CPU.Build.0 = Release|Any CPU
		{AE08828E-D349-45E5-9166-901C5516577D}.Debug|Any CPU.ActiveCfg = Debug|Any CPU
		{AE08828E-D349-45E5-9166-901C5516577D}.Debug|Any CPU.Build.0 = Debug|Any CPU
		{AE08828E-D349-45E5-9166-901C5516577D}.Release|Any CPU.ActiveCfg = Release|Any CPU
		{AE08828E-D349-45E5-9166-901C5516577D}.Release|Any CPU.Build.0 = Release|Any CPU
		{2BCC6EB6-84BC-42E8-9ECB-2EAE326C8F3C}.Debug|Any CPU.ActiveCfg = Debug|Any CPU
		{2BCC6EB6-84BC-42E8-9ECB-2EAE326C8F3C}.Debug|Any CPU.Build.0 = Debug|Any CPU
		{2BCC6EB6-84BC-42E8-9ECB-2EAE326C8F3C}.Release|Any CPU.ActiveCfg = Release|Any CPU
		{2BCC6EB6-84BC-42E8-9ECB-2EAE326C8F3C}.Release|Any CPU.Build.0 = Release|Any CPU
		{F1192948-E828-42F4-BA2B-87AF4D504305}.Debug|Any CPU.ActiveCfg = Debug|Any CPU
		{F1192948-E828-42F4-BA2B-87AF4D504305}.Debug|Any CPU.Build.0 = Debug|Any CPU
		{F1192948-E828-42F4-BA2B-87AF4D504305}.Release|Any CPU.ActiveCfg = Release|Any CPU
		{F1192948-E828-42F4-BA2B-87AF4D504305}.Release|Any CPU.Build.0 = Release|Any CPU
	EndGlobalSection
	GlobalSection(SolutionProperties) = preSolution
		HideSolutionNode = FALSE
	EndGlobalSection
EndGlobal
